
Microsoft Visual Studio Solution File, Format Version 12.00
Project("{FAE04EC0-301F-11D3-BF4B-00C04F79EFBC}") = "NotJacksonIntroduction", "NotJacksonIntroduction\NotJacksonIntroduction.csproj", "{A20927C5-7F5C-421D-B315-40234CBFBAE5}"
EndProject
Global
	GlobalSection(SolutionConfigurationPlatforms) = preSolution
		Debug|Any CPU = Debug|Any CPU
		Release|Any CPU = Release|Any CPU
	EndGlobalSection
	GlobalSection(ProjectConfigurationPlatforms) = postSolution
		{A20927C5-7F5C-421D-B315-40234CBFBAE5}.Debug|Any CPU.ActiveCfg = Debug|Any CPU
		{A20927C5-7F5C-421D-B315-40234CBFBAE5}.Debug|Any CPU.Build.0 = Debug|Any CPU
		{A20927C5-7F5C-421D-B315-40234CBFBAE5}.Release|Any CPU.ActiveCfg = Release|Any CPU
		{A20927C5-7F5C-421D-B315-40234CBFBAE5}.Release|Any CPU.Build.0 = Release|Any CPU
	EndGlobalSection
EndGlobal
